
Microsoft Visual Studio Solution File, Format Version 12.00
# Visual Studio Version 17
VisualStudioVersion = 17.7.34202.233
MinimumVisualStudioVersion = 10.0.40219.1
Project("{FAE04EC0-301F-11D3-BF4B-00C04F79EFBC}") = "Flamix", "Flamix.csproj", "{FD637854-7C6F-4EDB-B865-B79A1B8B2BB8}"
EndProject
Global
	GlobalSection(SolutionConfigurationPlatforms) = preSolution
		Debug|Any CPU = Debug|Any CPU
		Release|Any CPU = Release|Any CPU
	EndGlobalSection
	GlobalSection(ProjectConfigurationPlatforms) = postSolution
		{FD637854-7C6F-4EDB-B865-B79A1B8B2BB8}.Debug|Any CPU.ActiveCfg = Debug|Any CPU
		{FD637854-7C6F-4EDB-B865-B79A1B8B2BB8}.Debug|Any CPU.Build.0 = Debug|Any CPU
		{FD637854-7C6F-4EDB-B865-B79A1B8B2BB8}.Release|Any CPU.ActiveCfg = Release|Any CPU
		{FD637854-7C6F-4EDB-B865-B79A1B8B2BB8}.Release|Any CPU.Build.0 = Release|Any CPU
	EndGlobalSection
	GlobalSection(SolutionProperties) = preSolution
		HideSolutionNode = FALSE
	EndGlobalSection
	GlobalSection(ExtensibilityGlobals) = postSolution
		SolutionGuid = {88753BDD-B54C-48E8-BCAB-319202B2711C}
	EndGlobalSection
EndGlobal
